// !$*UTF8*$!
{
	archiveVersion = 1;
	classes = {
	};
	objectVersion = 77;
	objects = {

/* Begin PBXContainerItemProxy section */
		602F948C2DC7F32700CFAC57 /* PBXContainerItemProxy */ = {
			isa = PBXContainerItemProxy;
			containerPortal = 602F94762DC7F32600CFAC57 /* Project object */;
			proxyType = 1;
			remoteGlobalIDString = 602F947D2DC7F32600CFAC57;
			remoteInfo = OmadaTest;
		};
		602F94962DC7F32700CFAC57 /* PBXContainerItemProxy */ = {
			isa = PBXContainerItemProxy;
			containerPortal = 602F94762DC7F32600CFAC57 /* Project object */;
			proxyType = 1;
			remoteGlobalIDString = 602F947D2DC7F32600CFAC57;
			remoteInfo = OmadaTest;
		};
/* End PBXContainerItemProxy section */

/* Begin PBXFileReference section */
		602F947E2DC7F32600CFAC57 /* OmadaTest.app */ = {isa = PBXFileReference; explicitFileType = wrapper.application; includeInIndex = 0; path = OmadaTest.app; sourceTree = BUILT_PRODUCTS_DIR; };
		602F948B2DC7F32700CFAC57 /* OmadaTestTests.xctest */ = {isa = PBXFileReference; explicitFileType = wrapper.cfbundle; includeInIndex = 0; path = OmadaTestTests.xctest; sourceTree = BUILT_PRODUCTS_DIR; };
		602F94952DC7F32700CFAC57 /* OmadaTestUITests.xctest */ = {isa = PBXFileReference; explicitFileType = wrapper.cfbundle; includeInIndex = 0; path = OmadaTestUITests.xctest; sourceTree = BUILT_PRODUCTS_DIR; };
/* End PBXFileReference section */

/* Begin PBXFileSystemSynchronizedRootGroup section */
		602F94802DC7F32600CFAC57 /* OmadaTest */ = {
			isa = PBXFileSystemSynchronizedRootGroup;
			path = OmadaTest;
			sourceTree = "<group>";
		};
		602F948E2DC7F32700CFAC57 /* OmadaTestTests */ = {
			isa = PBXFileSystemSynchronizedRootGroup;
			path = OmadaTestTests;
			sourceTree = "<group>";
		};
		602F94982DC7F32700CFAC57 /* OmadaTestUITests */ = {
			isa = PBXFileSystemSynchronizedRootGroup;
			path = OmadaTestUITests;
			sourceTree = "<group>";
		};
/* End PBXFileSystemSynchronizedRootGroup section */

/* Begin PBXFrameworksBuildPhase section */
		602F947B2DC7F32600CFAC57 /* Frameworks */ = {
			isa = PBXFrameworksBuildPhase;
			buildActionMask = 2147483647;
			files = (
			);
			runOnlyForDeploymentPostprocessing = 0;
		};
		602F94882DC7F32700CFAC57 /* Frameworks */ = {
			isa = PBXFrameworksBuildPhase;
			buildActionMask = 2147483647;
			files = (
			);
			runOnlyForDeploymentPostprocessing = 0;
		};
		602F94922DC7F32700CFAC57 /* Frameworks */ = {
			isa = PBXFrameworksBuildPhase;
			buildActionMask = 2147483647;
			files = (
			);
			runOnlyForDeploymentPostprocessing = 0;
		};
/* End PBXFrameworksBuildPhase section */

/* Begin PBXGroup section */
		602F94752DC7F32600CFAC57 = {
			isa = PBXGroup;
			children = (
				602F94802DC7F32600CFAC57 /* OmadaTest */,
				602F948E2DC7F32700CFAC57 /* OmadaTestTests */,
				602F94982DC7F32700CFAC57 /* OmadaTestUITests */,
				602F947F2DC7F32600CFAC57 /* Products */,
			);
			sourceTree = "<group>";
		};
		602F947F2DC7F32600CFAC57 /* Products */ = {
			isa = PBXGroup;
			children = (
				602F947E2DC7F32600CFAC57 /* OmadaTest.app */,
				602F948B2DC7F32700CFAC57 /* OmadaTestTests.xctest */,
				602F94952DC7F32700CFAC57 /* OmadaTestUITests.xctest */,
			);
			name = Products;
			sourceTree = "<group>";
		};
/* End PBXGroup section */

/* Begin PBXNativeTarget section */
		602F947D2DC7F32600CFAC57 /* OmadaTest */ = {
			isa = PBXNativeTarget;
			buildConfigurationList = 602F949F2DC7F32700CFAC57 /* Build configuration list for PBXNativeTarget "OmadaTest" */;
			buildPhases = (
				602F947A2DC7F32600CFAC57 /* Sources */,
				602F947B2DC7F32600CFAC57 /* Frameworks */,
				602F947C2DC7F32600CFAC57 /* Resources */,
			);
			buildRules = (
			);
			dependencies = (
			);
			fileSystemSynchronizedGroups = (
				602F94802DC7F32600CFAC57 /* OmadaTest */,
			);
			name = OmadaTest;
			packageProductDependencies = (
			);
			productName = OmadaTest;
			productReference = 602F947E2DC7F32600CFAC57 /* OmadaTest.app */;
			productType = "com.apple.product-type.application";
		};
		602F948A2DC7F32700CFAC57 /* OmadaTestTests */ = {
			isa = PBXNativeTarget;
			buildConfigurationList = 602F94A22DC7F32700CFAC57 /* Build configuration list for PBXNativeTarget "OmadaTestTests" */;
			buildPhases = (
				602F94872DC7F32700CFAC57 /* Sources */,
				602F94882DC7F32700CFAC57 /* Frameworks */,
				602F94892DC7F32700CFAC57 /* Resources */,
			);
			buildRules = (
			);
			dependencies = (
				602F948D2DC7F32700CFAC57 /* PBXTargetDependency */,
			);
			fileSystemSynchronizedGroups = (
				602F948E2DC7F32700CFAC57 /* OmadaTestTests */,
			);
			name = OmadaTestTests;
			packageProductDependencies = (
			);
			productName = OmadaTestTests;
			productReference = 602F948B2DC7F32700CFAC57 /* OmadaTestTests.xctest */;
			productType = "com.apple.product-type.bundle.unit-test";
		};
		602F94942DC7F32700CFAC57 /* OmadaTestUITests */ = {
			isa = PBXNativeTarget;
			buildConfigurationList = 602F94A52DC7F32700CFAC57 /* Build configuration list for PBXNativeTarget "OmadaTestUITests" */;
			buildPhases = (
				602F94912DC7F32700CFAC57 /* Sources */,
				602F94922DC7F32700CFAC57 /* Frameworks */,
				602F94932DC7F32700CFAC57 /* Resources */,
			);
			buildRules = (
			);
			dependencies = (
				602F94972DC7F32700CFAC57 /* PBXTargetDependency */,
			);
			fileSystemSynchronizedGroups = (
				602F94982DC7F32700CFAC57 /* OmadaTestUITests */,
			);
			name = OmadaTestUITests;
			packageProductDependencies = (
			);
			productName = OmadaTestUITests;
			productReference = 602F94952DC7F32700CFAC57 /* OmadaTestUITests.xctest */;
			productType = "com.apple.product-type.bundle.ui-testing";
		};
/* End PBXNativeTarget section */

/* Begin PBXProject section */
		602F94762DC7F32600CFAC57 /* Project object */ = {
			isa = PBXProject;
			attributes = {
				BuildIndependentTargetsInParallel = 1;
				LastSwiftUpdateCheck = 1630;
				LastUpgradeCheck = 1630;
				TargetAttributes = {
					602F947D2DC7F32600CFAC57 = {
						CreatedOnToolsVersion = 16.3;
					};
					602F948A2DC7F32700CFAC57 = {
						CreatedOnToolsVersion = 16.3;
						TestTargetID = 602F947D2DC7F32600CFAC57;
					};
					602F94942DC7F32700CFAC57 = {
						CreatedOnToolsVersion = 16.3;
						TestTargetID = 602F947D2DC7F32600CFAC57;
					};
				};
			};
			buildConfigurationList = 602F94792DC7F32600CFAC57 /* Build configuration list for PBXProject "OmadaTest" */;
			developmentRegion = en;
			hasScannedForEncodings = 0;
			knownRegions = (
				en,
				Base,
			);
			mainGroup = 602F94752DC7F32600CFAC57;
			minimizedProjectReferenceProxies = 1;
			preferredProjectObjectVersion = 77;
			productRefGroup = 602F947F2DC7F32600CFAC57 /* Products */;
			projectDirPath = "";
			projectRoot = "";
			targets = (
				602F947D2DC7F32600CFAC57 /* OmadaTest */,
				602F948A2DC7F32700CFAC57 /* OmadaTestTests */,
				602F94942DC7F32700CFAC57 /* OmadaTestUITests */,
			);
		};
/* End PBXProject section */

/* Begin PBXResourcesBuildPhase section */
		602F947C2DC7F32600CFAC57 /* Resources */ = {
			isa = PBXResourcesBuildPhase;
			buildActionMask = 2147483647;
			files = (
			);
			runOnlyForDeploymentPostprocessing = 0;
		};
		602F94892DC7F32700CFAC57 /* Resources */ = {
			isa = PBXResourcesBuildPhase;
			buildActionMask = 2147483647;
			files = (
			);
			runOnlyForDeploymentPostprocessing = 0;
		};
		602F94932DC7F32700CFAC57 /* Resources */ = {
			isa = PBXResourcesBuildPhase;
			buildActionMask = 2147483647;
			files = (
			);
			runOnlyForDeploymentPostprocessing = 0;
		};
/* End PBXResourcesBuildPhase section */

/* Begin PBXSourcesBuildPhase section */
		602F947A2DC7F32600CFAC57 /* Sources */ = {
			isa = PBXSourcesBuildPhase;
			buildActionMask = 2147483647;
			files = (
			);
			runOnlyForDeploymentPostprocessing = 0;
		};
		602F94872DC7F32700CFAC57 /* Sources */ = {
			isa = PBXSourcesBuildPhase;
			buildActionMask = 2147483647;
			files = (
			);
			runOnlyForDeploymentPostprocessing = 0;
		};
		602F94912DC7F32700CFAC57 /* Sources */ = {
			isa = PBXSourcesBuildPhase;
			buildActionMask = 2147483647;
			files = (
			);
			runOnlyForDeploymentPostprocessing = 0;
		};
/* End PBXSourcesBuildPhase section */

/* Begin PBXTargetDependency section */
		602F948D2DC7F32700CFAC57 /* PBXTargetDependency */ = {
			isa = PBXTargetDependency;
			target = 602F947D2DC7F32600CFAC57 /* OmadaTest */;
			targetProxy = 602F948C2DC7F32700CFAC57 /* PBXContainerItemProxy */;
		};
		602F94972DC7F32700CFAC57 /* PBXTargetDependency */ = {
			isa = PBXTargetDependency;
			target = 602F947D2DC7F32600CFAC57 /* OmadaTest */;
			targetProxy = 602F94962DC7F32700CFAC57 /* PBXContainerItemProxy */;
		};
/* End PBXTargetDependency section */

/* Begin XCBuildConfiguration section */
		602F949D2DC7F32700CFAC57 /* Debug */ = {
			isa = XCBuildConfiguration;
			buildSettings = {
				ALWAYS_SEARCH_USER_PATHS = NO;
				ASSETCATALOG_COMPILER_GENERATE_SWIFT_ASSET_SYMBOL_EXTENSIONS = YES;
				CLANG_ANALYZER_NONNULL = YES;
				CLANG_ANALYZER_NUMBER_OBJECT_CONVERSION = YES_AGGRESSIVE;
				CLANG_CXX_LANGUAGE_STANDARD = "gnu++20";
				CLANG_ENABLE_MODULES = YES;
				CLANG_ENABLE_OBJC_ARC = YES;
				CLANG_ENABLE_OBJC_WEAK = YES;
				CLANG_WARN_BLOCK_CAPTURE_AUTORELEASING = YES;
				CLANG_WARN_BOOL_CONVERSION = YES;
				CLANG_WARN_COMMA = YES;
				CLANG_WARN_CONSTANT_CONVERSION = YES;
				CLANG_WARN_DEPRECATED_OBJC_IMPLEMENTATIONS = YES;
				CLANG_WARN_DIRECT_OBJC_ISA_USAGE = YES_ERROR;
				CLANG_WARN_DOCUMENTATION_COMMENTS = YES;
				CLANG_WARN_EMPTY_BODY = YES;
				CLANG_WARN_ENUM_CONVERSION = YES;
				CLANG_WARN_INFINITE_RECURSION = YES;
				CLANG_WARN_INT_CONVERSION = YES;
				CLANG_WARN_NON_LITERAL_NULL_CONVERSION = YES;
				CLANG_WARN_OBJC_IMPLICIT_RETAIN_SELF = YES;
				CLANG_WARN_OBJC_LITERAL_CONVERSION = YES;
				CLANG_WARN_OBJC_ROOT_CLASS = YES_ERROR;
				CLANG_WARN_QUOTED_INCLUDE_IN_FRAMEWORK_HEADER = YES;
				CLANG_WARN_RANGE_LOOP_ANALYSIS = YES;
				CLANG_WARN_STRICT_PROTOTYPES = YES;
				CLANG_WARN_SUSPICIOUS_MOVE = YES;
				CLANG_WARN_UNGUARDED_AVAILABILITY = YES_AGGRESSIVE;
				CLANG_WARN_UNREACHABLE_CODE = YES;
				CLANG_WARN__DUPLICATE_METHOD_MATCH = YES;
				COPY_PHASE_STRIP = NO;
				DEBUG_INFORMATION_FORMAT = dwarf;
				ENABLE_STRICT_OBJC_MSGSEND = YES;
				ENABLE_TESTABILITY = YES;
				ENABLE_USER_SCRIPT_SANDBOXING = YES;
				GCC_C_LANGUAGE_STANDARD = gnu17;
				GCC_DYNAMIC_NO_PIC = NO;
				GCC_NO_COMMON_BLOCKS = YES;
				GCC_OPTIMIZATION_LEVEL = 0;
				GCC_PREPROCESSOR_DEFINITIONS = (
					"DEBUG=1",
					"$(inherited)",
				);
				GCC_WARN_64_TO_32_BIT_CONVERSION = YES;
				GCC_WARN_ABOUT_RETURN_TYPE = YES_ERROR;
				GCC_WARN_UNDECLARED_SELECTOR = YES;
				GCC_WARN_UNINITIALIZED_AUTOS = YES_AGGRESSIVE;
				GCC_WARN_UNUSED_FUNCTION = YES;
				GCC_WARN_UNUSED_VARIABLE = YES;
				IPHONEOS_DEPLOYMENT_TARGET = 18.4;
				LOCALIZATION_PREFERS_STRING_CATALOGS = YES;
				MTL_ENABLE_DEBUG_INFO = INCLUDE_SOURCE;
				MTL_FAST_MATH = YES;
				ONLY_ACTIVE_ARCH = YES;
				SDKROOT = iphoneos;
				SWIFT_ACTIVE_COMPILATION_CONDITIONS = "DEBUG $(inherited)";
				SWIFT_OPTIMIZATION_LEVEL = "-Onone";
			};
			name = Debug;
		};
		602F949E2DC7F32700CFAC57 /* Release */ = {
			isa = XCBuildConfiguration;
			buildSettings = {
				ALWAYS_SEARCH_USER_PATHS = NO;
				ASSETCATALOG_COMPILER_GENERATE_SWIFT_ASSET_SYMBOL_EXTENSIONS = YES;
				CLANG_ANALYZER_NONNULL = YES;
				CLANG_ANALYZER_NUMBER_OBJECT_CONVERSION = YES_AGGRESSIVE;
				CLANG_CXX_LANGUAGE_STANDARD = "gnu++20";
				CLANG_ENABLE_MODULES = YES;
				CLANG_ENABLE_OBJC_ARC = YES;
				CLANG_ENABLE_OBJC_WEAK = YES;
				CLANG_WARN_BLOCK_CAPTURE_AUTORELEASING = YES;
				CLANG_WARN_BOOL_CONVERSION = YES;
				CLANG_WARN_COMMA = YES;
				CLANG_WARN_CONSTANT_CONVERSION = YES;
				CLANG_WARN_DEPRECATED_OBJC_IMPLEMENTATIONS = YES;
				CLANG_WARN_DIRECT_OBJC_ISA_USAGE = YES_ERROR;
				CLANG_WARN_DOCUMENTATION_COMMENTS = YES;
				CLANG_WARN_EMPTY_BODY = YES;
				CLANG_WARN_ENUM_CONVERSION = YES;
				CLANG_WARN_INFINITE_RECURSION = YES;
				CLANG_WARN_INT_CONVERSION = YES;
				CLANG_WARN_NON_LITERAL_NULL_CONVERSION = YES;
				CLANG_WARN_OBJC_IMPLICIT_RETAIN_SELF = YES;
				CLANG_WARN_OBJC_LITERAL_CONVERSION = YES;
				CLANG_WARN_OBJC_ROOT_CLASS = YES_ERROR;
				CLANG_WARN_QUOTED_INCLUDE_IN_FRAMEWORK_HEADER = YES;
				CLANG_WARN_RANGE_LOOP_ANALYSIS = YES;
				CLANG_WARN_STRICT_PROTOTYPES = YES;
				CLANG_WARN_SUSPICIOUS_MOVE = YES;
				CLANG_WARN_UNGUARDED_AVAILABILITY = YES_AGGRESSIVE;
				CLANG_WARN_UNREACHABLE_CODE = YES;
				CLANG_WARN__DUPLICATE_METHOD_MATCH = YES;
				COPY_PHASE_STRIP = NO;
				DEBUG_INFORMATION_FORMAT = "dwarf-with-dsym";
				ENABLE_NS_ASSERTIONS = NO;
				ENABLE_STRICT_OBJC_MSGSEND = YES;
				ENABLE_USER_SCRIPT_SANDBOXING = YES;
				GCC_C_LANGUAGE_STANDARD = gnu17;
				GCC_NO_COMMON_BLOCKS = YES;
				GCC_WARN_64_TO_32_BIT_CONVERSION = YES;
				GCC_WARN_ABOUT_RETURN_TYPE = YES_ERROR;
				GCC_WARN_UNDECLARED_SELECTOR = YES;
				GCC_WARN_UNINITIALIZED_AUTOS = YES_AGGRESSIVE;
				GCC_WARN_UNUSED_FUNCTION = YES;
				GCC_WARN_UNUSED_VARIABLE = YES;
				IPHONEOS_DEPLOYMENT_TARGET = 18.4;
				LOCALIZATION_PREFERS_STRING_CATALOGS = YES;
				MTL_ENABLE_DEBUG_INFO = NO;
				MTL_FAST_MATH = YES;
				SDKROOT = iphoneos;
				SWIFT_COMPILATION_MODE = wholemodule;
				VALIDATE_PRODUCT = YES;
			};
			name = Release;
		};
		602F94A02DC7F32700CFAC57 /* Debug */ = {
			isa = XCBuildConfiguration;
			buildSettings = {
				ASSETCATALOG_COMPILER_APPICON_NAME = AppIcon;
				ASSETCATALOG_COMPILER_GLOBAL_ACCENT_COLOR_NAME = AccentColor;
				CODE_SIGN_STYLE = Automatic;
				CURRENT_PROJECT_VERSION = 1;
				ENABLE_PREVIEWS = YES;
				GENERATE_INFOPLIST_FILE = YES;
				INFOPLIST_KEY_UIApplicationSceneManifest_Generation = YES;
				INFOPLIST_KEY_UIApplicationSupportsIndirectInputEvents = YES;
				INFOPLIST_KEY_UILaunchScreen_Generation = YES;
				INFOPLIST_KEY_UISupportedInterfaceOrientations_iPad = "UIInterfaceOrientationPortrait UIInterfaceOrientationPortraitUpsideDown UIInterfaceOrientationLandscapeLeft UIInterfaceOrientationLandscapeRight";
				INFOPLIST_KEY_UISupportedInterfaceOrientations_iPhone = "UIInterfaceOrientationPortrait UIInterfaceOrientationLandscapeLeft UIInterfaceOrientationLandscapeRight";
				LD_RUNPATH_SEARCH_PATHS = (
					"$(inherited)",
					"@executable_path/Frameworks",
				);
				MARKETING_VERSION = 1.0;
				PRODUCT_BUNDLE_IDENTIFIER = com.jameslane.OmadaTest;
				PRODUCT_NAME = "$(TARGET_NAME)";
				SWIFT_EMIT_LOC_STRINGS = YES;
				SWIFT_VERSION = 5.0;
				TARGETED_DEVICE_FAMILY = "1,2";
			};
			name = Debug;
		};
		602F94A12DC7F32700CFAC57 /* Release */ = {
			isa = XCBuildConfiguration;
			buildSettings = {
				ASSETCATALOG_COMPILER_APPICON_NAME = AppIcon;
				ASSETCATALOG_COMPILER_GLOBAL_ACCENT_COLOR_NAME = AccentColor;
				CODE_SIGN_STYLE = Automatic;
				CURRENT_PROJECT_VERSION = 1;
				ENABLE_PREVIEWS = YES;
				GENERATE_INFOPLIST_FILE = YES;
				INFOPLIST_KEY_UIApplicationSceneManifest_Generation = YES;
				INFOPLIST_KEY_UIApplicationSupportsIndirectInputEvents = YES;
				INFOPLIST_KEY_UILaunchScreen_Generation = YES;
				INFOPLIST_KEY_UISupportedInterfaceOrientations_iPad = "UIInterfaceOrientationPortrait UIInterfaceOrientationPortraitUpsideDown UIInterfaceOrientationLandscapeLeft UIInterfaceOrientationLandscapeRight";
				INFOPLIST_KEY_UISupportedInterfaceOrientations_iPhone = "UIInterfaceOrientationPortrait UIInterfaceOrientationLandscapeLeft UIInterfaceOrientationLandscapeRight";
				LD_RUNPATH_SEARCH_PATHS = (
					"$(inherited)",
					"@executable_path/Frameworks",
				);
				MARKETING_VERSION = 1.0;
				PRODUCT_BUNDLE_IDENTIFIER = com.jameslane.OmadaTest;
				PRODUCT_NAME = "$(TARGET_NAME)";
				SWIFT_EMIT_LOC_STRINGS = YES;
				SWIFT_VERSION = 5.0;
				TARGETED_DEVICE_FAMILY = "1,2";
			};
			name = Release;
		};
		602F94A32DC7F32700CFAC57 /* Debug */ = {
			isa = XCBuildConfiguration;
			buildSettings = {
				BUNDLE_LOADER = "$(TEST_HOST)";
				CODE_SIGN_STYLE = Automatic;
				CURRENT_PROJECT_VERSION = 1;
				GENERATE_INFOPLIST_FILE = YES;
				IPHONEOS_DEPLOYMENT_TARGET = 18.4;
				MARKETING_VERSION = 1.0;
				PRODUCT_BUNDLE_IDENTIFIER = com.jameslane.OmadaTestTests;
				PRODUCT_NAME = "$(TARGET_NAME)";
				SWIFT_EMIT_LOC_STRINGS = NO;
				SWIFT_VERSION = 5.0;
				TARGETED_DEVICE_FAMILY = "1,2";
				TEST_HOST = "$(BUILT_PRODUCTS_DIR)/OmadaTest.app/$(BUNDLE_EXECUTABLE_FOLDER_PATH)/OmadaTest";
			};
			name = Debug;
		};
		602F94A42DC7F32700CFAC57 /* Release */ = {
			isa = XCBuildConfiguration;
			buildSettings = {
				BUNDLE_LOADER = "$(TEST_HOST)";
				CODE_SIGN_STYLE = Automatic;
				CURRENT_PROJECT_VERSION = 1;
				GENERATE_INFOPLIST_FILE = YES;
				IPHONEOS_DEPLOYMENT_TARGET = 18.4;
				MARKETING_VERSION = 1.0;
				PRODUCT_BUNDLE_IDENTIFIER = com.jameslane.OmadaTestTests;
				PRODUCT_NAME = "$(TARGET_NAME)";
				SWIFT_EMIT_LOC_STRINGS = NO;
				SWIFT_VERSION = 5.0;
				TARGETED_DEVICE_FAMILY = "1,2";
				TEST_HOST = "$(BUILT_PRODUCTS_DIR)/OmadaTest.app/$(BUNDLE_EXECUTABLE_FOLDER_PATH)/OmadaTest";
			};
			name = Release;
		};
		602F94A62DC7F32700CFAC57 /* Debug */ = {
			isa = XCBuildConfiguration;
			buildSettings = {
				CODE_SIGN_STYLE = Automatic;
				CURRENT_PROJECT_VERSION = 1;
				GENERATE_INFOPLIST_FILE = YES;
				MARKETING_VERSION = 1.0;
				PRODUCT_BUNDLE_IDENTIFIER = com.jameslane.OmadaTestUITests;
				PRODUCT_NAME = "$(TARGET_NAME)";
				SWIFT_EMIT_LOC_STRINGS = NO;
				SWIFT_VERSION = 5.0;
				TARGETED_DEVICE_FAMILY = "1,2";
				TEST_TARGET_NAME = OmadaTest;
			};
			name = Debug;
		};
		602F94A72DC7F32700CFAC57 /* Release */ = {
			isa = XCBuildConfiguration;
			buildSettings = {
				CODE_SIGN_STYLE = Automatic;
				CURRENT_PROJECT_VERSION = 1;
				GENERATE_INFOPLIST_FILE = YES;
				MARKETING_VERSION = 1.0;
				PRODUCT_BUNDLE_IDENTIFIER = com.jameslane.OmadaTestUITests;
				PRODUCT_NAME = "$(TARGET_NAME)";
				SWIFT_EMIT_LOC_STRINGS = NO;
				SWIFT_VERSION = 5.0;
				TARGETED_DEVICE_FAMILY = "1,2";
				TEST_TARGET_NAME = OmadaTest;
			};
			name = Release;
		};
/* End XCBuildConfiguration section */

/* Begin XCConfigurationList section */
		602F94792DC7F32600CFAC57 /* Build configuration list for PBXProject "OmadaTest" */ = {
			isa = XCConfigurationList;
			buildConfigurations = (
				602F949D2DC7F32700CFAC57 /* Debug */,
				602F949E2DC7F32700CFAC57 /* Release */,
			);
			defaultConfigurationIsVisible = 0;
			defaultConfigurationName = Release;
		};
		602F949F2DC7F32700CFAC57 /* Build configuration list for PBXNativeTarget "OmadaTest" */ = {
			isa = XCConfigurationList;
			buildConfigurations = (
				602F94A02DC7F32700CFAC57 /* Debug */,
				602F94A12DC7F32700CFAC57 /* Release */,
			);
			defaultConfigurationIsVisible = 0;
			defaultConfigurationName = Release;
		};
		602F94A22DC7F32700CFAC57 /* Build configuration list for PBXNativeTarget "OmadaTestTests" */ = {
			isa = XCConfigurationList;
			buildConfigurations = (
				602F94A32DC7F32700CFAC57 /* Debug */,
				602F94A42DC7F32700CFAC57 /* Release */,
			);
			defaultConfigurationIsVisible = 0;
			defaultConfigurationName = Release;
		};
		602F94A52DC7F32700CFAC57 /* Build configuration list for PBXNativeTarget "OmadaTestUITests" */ = {
			isa = XCConfigurationList;
			buildConfigurations = (
				602F94A62DC7F32700CFAC57 /* Debug */,
				602F94A72DC7F32700CFAC57 /* Release */,
			);
			defaultConfigurationIsVisible = 0;
			defaultConfigurationName = Release;
		};
/* End XCConfigurationList section */
	};
	rootObject = 602F94762DC7F32600CFAC57 /* Project object */;
}
